
Microsoft Visual Studio Solution File, Format Version 12.00
# Visual Studio Version 17
VisualStudioVersion = 17.10.35013.160
MinimumVisualStudioVersion = 10.0.40219.1
Project("{FAE04EC0-301F-11D3-BF4B-00C04F79EFBC}") = "Backend-SITT-Api", "Backend-SITT-Api\Backend-SITT-Api.csproj", "{BF927D5E-B2E1-41DA-B14B-6A470803B4FE}"
EndProject
Project("{FAE04EC0-301F-11D3-BF4B-00C04F79EFBC}") = "Backend-SITT-Api.Aplication", "Backend-SITT-Api.Aplication\Backend-SITT-Api.Aplication.csproj", "{8117F735-9C2F-4F1B-8D65-0CD127E69427}"
EndProject
Project("{FAE04EC0-301F-11D3-BF4B-00C04F79EFBC}") = "Backend-SITT-Api.Domain", "Backend-SITT-Api.Domain\Backend-SITT-Api.Domain.csproj", "{428F3FE2-D496-4DBC-9CA1-315DE23BA036}"
EndProject
Project("{FAE04EC0-301F-11D3-BF4B-00C04F79EFBC}") = "Backend-SITT-Api.Identity", "Backend-SITT-Api.Identity\Backend-SITT-Api.Identity.csproj", "{0D0E6DDD-7A60-4217-B15D-A7F1BD11029C}"
EndProject
Project("{FAE04EC0-301F-11D3-BF4B-00C04F79EFBC}") = "Backend-SITT-Api.Infrastructure", "Backend-SITT-Api.Infrastructure\Backend-SITT-Api.Infrastructure.csproj", "{E21FABC2-1E81-4DC1-A1E0-590393D34DED}"
EndProject
Global
	GlobalSection(SolutionConfigurationPlatforms) = preSolution
		Debug|Any CPU = Debug|Any CPU
		Release|Any CPU = Release|Any CPU
	EndGlobalSection
	GlobalSection(ProjectConfigurationPlatforms) = postSolution
		{BF927D5E-B2E1-41DA-B14B-6A470803B4FE}.Debug|Any CPU.ActiveCfg = Debug|Any CPU
		{BF927D5E-B2E1-41DA-B14B-6A470803B4FE}.Debug|Any CPU.Build.0 = Debug|Any CPU
		{BF927D5E-B2E1-41DA-B14B-6A470803B4FE}.Release|Any CPU.ActiveCfg = Release|Any CPU
		{BF927D5E-B2E1-41DA-B14B-6A470803B4FE}.Release|Any CPU.Build.0 = Release|Any CPU
		{8117F735-9C2F-4F1B-8D65-0CD127E69427}.Debug|Any CPU.ActiveCfg = Debug|Any CPU
		{8117F735-9C2F-4F1B-8D65-0CD127E69427}.Debug|Any CPU.Build.0 = Debug|Any CPU
		{8117F735-9C2F-4F1B-8D65-0CD127E69427}.Release|Any CPU.ActiveCfg = Release|Any CPU
		{8117F735-9C2F-4F1B-8D65-0CD127E69427}.Release|Any CPU.Build.0 = Release|Any CPU
		{428F3FE2-D496-4DBC-9CA1-315DE23BA036}.Debug|Any CPU.ActiveCfg = Debug|Any CPU
		{428F3FE2-D496-4DBC-9CA1-315DE23BA036}.Debug|Any CPU.Build.0 = Debug|Any CPU
		{428F3FE2-D496-4DBC-9CA1-315DE23BA036}.Release|Any CPU.ActiveCfg = Release|Any CPU
		{428F3FE2-D496-4DBC-9CA1-315DE23BA036}.Release|Any CPU.Build.0 = Release|Any CPU
		{0D0E6DDD-7A60-4217-B15D-A7F1BD11029C}.Debug|Any CPU.ActiveCfg = Debug|Any CPU
		{0D0E6DDD-7A60-4217-B15D-A7F1BD11029C}.Debug|Any CPU.Build.0 = Debug|Any CPU
		{0D0E6DDD-7A60-4217-B15D-A7F1BD11029C}.Release|Any CPU.ActiveCfg = Release|Any CPU
		{0D0E6DDD-7A60-4217-B15D-A7F1BD11029C}.Release|Any CPU.Build.0 = Release|Any CPU
		{E21FABC2-1E81-4DC1-A1E0-590393D34DED}.Debug|Any CPU.ActiveCfg = Debug|Any CPU
		{E21FABC2-1E81-4DC1-A1E0-590393D34DED}.Debug|Any CPU.Build.0 = Debug|Any CPU
		{E21FABC2-1E81-4DC1-A1E0-590393D34DED}.Release|Any CPU.ActiveCfg = Release|Any CPU
		{E21FABC2-1E81-4DC1-A1E0-590393D34DED}.Release|Any CPU.Build.0 = Release|Any CPU
	EndGlobalSection
	GlobalSection(SolutionProperties) = preSolution
		HideSolutionNode = FALSE
	EndGlobalSection
	GlobalSection(ExtensibilityGlobals) = postSolution
		SolutionGuid = {10C50A8D-D988-4051-882F-F643D7BFADEA}
	EndGlobalSection
EndGlobal
